
Microsoft Visual Studio Solution File, Format Version 12.00
# Visual Studio Version 17
VisualStudioVersion = 17.5.33502.453
MinimumVisualStudioVersion = 10.0.40219.1
Project("{FAE04EC0-301F-11D3-BF4B-00C04F79EFBC}") = "Expenses.WebApi", "Expenses.WebApi\Expenses.WebApi.csproj", "{361DCBD9-846C-45A7-A573-3DB5C1C3B178}"
EndProject
Project("{FAE04EC0-301F-11D3-BF4B-00C04F79EFBC}") = "ExpensesDB", "ExpensesDB\ExpensesDB.csproj", "{3FEE01BB-2487-4731-B48B-591BB7FD35E9}"
EndProject
Project("{FAE04EC0-301F-11D3-BF4B-00C04F79EFBC}") = "Expenses.Core", "Expenses.Core\Expenses.Core.csproj", "{B43014AB-F734-4246-B1AC-5C0E9F92C495}"
EndProject
Global
	GlobalSection(SolutionConfigurationPlatforms) = preSolution
		Debug|Any CPU = Debug|Any CPU
		Release|Any CPU = Release|Any CPU
	EndGlobalSection
	GlobalSection(ProjectConfigurationPlatforms) = postSolution
		{361DCBD9-846C-45A7-A573-3DB5C1C3B178}.Debug|Any CPU.ActiveCfg = Debug|Any CPU
		{361DCBD9-846C-45A7-A573-3DB5C1C3B178}.Debug|Any CPU.Build.0 = Debug|Any CPU
		{361DCBD9-846C-45A7-A573-3DB5C1C3B178}.Release|Any CPU.ActiveCfg = Release|Any CPU
		{361DCBD9-846C-45A7-A573-3DB5C1C3B178}.Release|Any CPU.Build.0 = Release|Any CPU
		{3FEE01BB-2487-4731-B48B-591BB7FD35E9}.Debug|Any CPU.ActiveCfg = Debug|Any CPU
		{3FEE01BB-2487-4731-B48B-591BB7FD35E9}.Debug|Any CPU.Build.0 = Debug|Any CPU
		{3FEE01BB-2487-4731-B48B-591BB7FD35E9}.Release|Any CPU.ActiveCfg = Release|Any CPU
		{3FEE01BB-2487-4731-B48B-591BB7FD35E9}.Release|Any CPU.Build.0 = Release|Any CPU
		{B43014AB-F734-4246-B1AC-5C0E9F92C495}.Debug|Any CPU.ActiveCfg = Debug|Any CPU
		{B43014AB-F734-4246-B1AC-5C0E9F92C495}.Debug|Any CPU.Build.0 = Debug|Any CPU
		{B43014AB-F734-4246-B1AC-5C0E9F92C495}.Release|Any CPU.ActiveCfg = Release|Any CPU
		{B43014AB-F734-4246-B1AC-5C0E9F92C495}.Release|Any CPU.Build.0 = Release|Any CPU
	EndGlobalSection
	GlobalSection(SolutionProperties) = preSolution
		HideSolutionNode = FALSE
	EndGlobalSection
	GlobalSection(ExtensibilityGlobals) = postSolution
		SolutionGuid = {95523BB7-D203-43E3-91E2-9FF85DF21560}
	EndGlobalSection
EndGlobal
